// !$*UTF8*$!
{
	archiveVersion = 1;
	classes = {
	};
	objectVersion = 48;
	objects = {

/* Begin PBXBuildFile section */
		065EFC73207200510079A321 /* TestKvoClass.m in Sources */ = {isa = PBXBuildFile; fileRef = 065EFC72207200510079A321 /* TestKvoClass.m */; };
		065EFC76207200610079A321 /* TestKvoObserverClass.m in Sources */ = {isa = PBXBuildFile; fileRef = 065EFC75207200610079A321 /* TestKvoObserverClass.m */; };
		065EFC792072009B0079A321 /* KvoClassProperty.m in Sources */ = {isa = PBXBuildFile; fileRef = 065EFC782072009B0079A321 /* KvoClassProperty.m */; };
		065EFC7C207212500079A321 /* NSObject+kvo.m in Sources */ = {isa = PBXBuildFile; fileRef = 065EFC7B207212500079A321 /* NSObject+kvo.m */; };
		065EFC7F20721A200079A321 /* KvoObserverInfo.m in Sources */ = {isa = PBXBuildFile; fileRef = 065EFC7E20721A200079A321 /* KvoObserverInfo.m */; };
		0680259B2068F5F2002AC373 /* main.m in Sources */ = {isa = PBXBuildFile; fileRef = 0680259A2068F5F2002AC373 /* main.m */; };
/* End PBXBuildFile section */

/* Begin PBXCopyFilesBuildPhase section */
		068025952068F5F2002AC373 /* CopyFiles */ = {
			isa = PBXCopyFilesBuildPhase;
			buildActionMask = 2147483647;
			dstPath = /usr/share/man/man1/;
			dstSubfolderSpec = 0;
			files = (
			);
			runOnlyForDeploymentPostprocessing = 1;
		};
/* End PBXCopyFilesBuildPhase section */

/* Begin PBXFileReference section */
		065EFC71207200510079A321 /* TestKvoClass.h */ = {isa = PBXFileReference; lastKnownFileType = sourcecode.c.h; path = TestKvoClass.h; sourceTree = "<group>"; };
		065EFC72207200510079A321 /* TestKvoClass.m */ = {isa = PBXFileReference; lastKnownFileType = sourcecode.c.objc; path = TestKvoClass.m; sourceTree = "<group>"; };
		065EFC74207200610079A321 /* TestKvoObserverClass.h */ = {isa = PBXFileReference; lastKnownFileType = sourcecode.c.h; path = TestKvoObserverClass.h; sourceTree = "<group>"; };
		065EFC75207200610079A321 /* TestKvoObserverClass.m */ = {isa = PBXFileReference; lastKnownFileType = sourcecode.c.objc; path = TestKvoObserverClass.m; sourceTree = "<group>"; };
		065EFC772072009B0079A321 /* KvoClassProperty.h */ = {isa = PBXFileReference; lastKnownFileType = sourcecode.c.h; path = KvoClassProperty.h; sourceTree = "<group>"; };
		065EFC782072009B0079A321 /* KvoClassProperty.m */ = {isa = PBXFileReference; lastKnownFileType = sourcecode.c.objc; path = KvoClassProperty.m; sourceTree = "<group>"; };
		065EFC7A207212500079A321 /* NSObject+kvo.h */ = {isa = PBXFileReference; lastKnownFileType = sourcecode.c.h; path = "NSObject+kvo.h"; sourceTree = "<group>"; };
		065EFC7B207212500079A321 /* NSObject+kvo.m */ = {isa = PBXFileReference; lastKnownFileType = sourcecode.c.objc; path = "NSObject+kvo.m"; sourceTree = "<group>"; };
		065EFC7D20721A200079A321 /* KvoObserverInfo.h */ = {isa = PBXFileReference; lastKnownFileType = sourcecode.c.h; path = KvoObserverInfo.h; sourceTree = "<group>"; };
		065EFC7E20721A200079A321 /* KvoObserverInfo.m */ = {isa = PBXFileReference; lastKnownFileType = sourcecode.c.objc; path = KvoObserverInfo.m; sourceTree = "<group>"; };
		068025972068F5F2002AC373 /* KVO_Support */ = {isa = PBXFileReference; explicitFileType = "compiled.mach-o.executable"; includeInIndex = 0; path = KVO_Support; sourceTree = BUILT_PRODUCTS_DIR; };
		0680259A2068F5F2002AC373 /* main.m */ = {isa = PBXFileReference; lastKnownFileType = sourcecode.c.objc; path = main.m; sourceTree = "<group>"; };
/* End PBXFileReference section */

/* Begin PBXFrameworksBuildPhase section */
		068025942068F5F2002AC373 /* Frameworks */ = {
			isa = PBXFrameworksBuildPhase;
			buildActionMask = 2147483647;
			files = (
			);
			runOnlyForDeploymentPostprocessing = 0;
		};
/* End PBXFrameworksBuildPhase section */

/* Begin PBXGroup section */
		065EFC70207200220079A321 /* kvo */ = {
			isa = PBXGroup;
			children = (
				065EFC772072009B0079A321 /* KvoClassProperty.h */,
				065EFC782072009B0079A321 /* KvoClassProperty.m */,
				065EFC7D20721A200079A321 /* KvoObserverInfo.h */,
				065EFC7E20721A200079A321 /* KvoObserverInfo.m */,
				065EFC7A207212500079A321 /* NSObject+kvo.h */,
				065EFC7B207212500079A321 /* NSObject+kvo.m */,
			);
			path = kvo;
			sourceTree = "<group>";
		};
		0680258E2068F5F2002AC373 = {
			isa = PBXGroup;
			children = (
				068025992068F5F2002AC373 /* KVO_Support */,
				068025982068F5F2002AC373 /* Products */,
			);
			sourceTree = "<group>";
		};
		068025982068F5F2002AC373 /* Products */ = {
			isa = PBXGroup;
			children = (
				068025972068F5F2002AC373 /* KVO_Support */,
			);
			name = Products;
			sourceTree = "<group>";
		};
		068025992068F5F2002AC373 /* KVO_Support */ = {
			isa = PBXGroup;
			children = (
				0680259A2068F5F2002AC373 /* main.m */,
				065EFC71207200510079A321 /* TestKvoClass.h */,
				065EFC72207200510079A321 /* TestKvoClass.m */,
				065EFC74207200610079A321 /* TestKvoObserverClass.h */,
				065EFC75207200610079A321 /* TestKvoObserverClass.m */,
				065EFC70207200220079A321 /* kvo */,
			);
			path = KVO_Support;
			sourceTree = "<group>";
		};
/* End PBXGroup section */

/* Begin PBXNativeTarget section */
		068025962068F5F2002AC373 /* KVO_Support */ = {
			isa = PBXNativeTarget;
			buildConfigurationList = 0680259E2068F5F2002AC373 /* Build configuration list for PBXNativeTarget "KVO_Support" */;
			buildPhases = (
				068025932068F5F2002AC373 /* Sources */,
				068025942068F5F2002AC373 /* Frameworks */,
				068025952068F5F2002AC373 /* CopyFiles */,
			);
			buildRules = (
			);
			dependencies = (
			);
			name = KVO_Support;
			productName = KVO_Support;
			productReference = 068025972068F5F2002AC373 /* KVO_Support */;
			productType = "com.apple.product-type.tool";
		};
/* End PBXNativeTarget section */

/* Begin PBXProject section */
		0680258F2068F5F2002AC373 /* Project object */ = {
			isa = PBXProject;
			attributes = {
				LastUpgradeCheck = 0920;
				ORGANIZATIONNAME = qiancaox;
				TargetAttributes = {
					068025962068F5F2002AC373 = {
						CreatedOnToolsVersion = 9.2;
						ProvisioningStyle = Automatic;
					};
				};
			};
			buildConfigurationList = 068025922068F5F2002AC373 /* Build configuration list for PBXProject "KVO_Support" */;
			compatibilityVersion = "Xcode 8.0";
			developmentRegion = en;
			hasScannedForEncodings = 0;
			knownRegions = (
				en,
			);
			mainGroup = 0680258E2068F5F2002AC373;
			productRefGroup = 068025982068F5F2002AC373 /* Products */;
			projectDirPath = "";
			projectRoot = "";
			targets = (
				068025962068F5F2002AC373 /* KVO_Support */,
			);
		};
/* End PBXProject section */

/* Begin PBXSourcesBuildPhase section */
		068025932068F5F2002AC373 /* Sources */ = {
			isa = PBXSourcesBuildPhase;
			buildActionMask = 2147483647;
			files = (
				065EFC7F20721A200079A321 /* KvoObserverInfo.m in Sources */,
				065EFC792072009B0079A321 /* KvoClassProperty.m in Sources */,
				065EFC76207200610079A321 /* TestKvoObserverClass.m in Sources */,
				065EFC7C207212500079A321 /* NSObject+kvo.m in Sources */,
				0680259B2068F5F2002AC373 /* main.m in Sources */,
				065EFC73207200510079A321 /* TestKvoClass.m in Sources */,
			);
			runOnlyForDeploymentPostprocessing = 0;
		};
/* End PBXSourcesBuildPhase section */

/* Begin XCBuildConfiguration section */
		0680259C2068F5F2002AC373 /* Debug */ = {
			isa = XCBuildConfiguration;
			buildSettings = {
				ALWAYS_SEARCH_USER_PATHS = NO;
				CLANG_ANALYZER_NONNULL = YES;
				CLANG_ANALYZER_NUMBER_OBJECT_CONVERSION = YES_AGGRESSIVE;
				CLANG_CXX_LANGUAGE_STANDARD = "gnu++14";
				CLANG_CXX_LIBRARY = "libc++";
				CLANG_ENABLE_MODULES = YES;
				CLANG_ENABLE_OBJC_ARC = YES;
				CLANG_WARN_BLOCK_CAPTURE_AUTORELEASING = YES;
				CLANG_WARN_BOOL_CONVERSION = YES;
				CLANG_WARN_COMMA = YES;
				CLANG_WARN_CONSTANT_CONVERSION = YES;
				CLANG_WARN_DIRECT_OBJC_ISA_USAGE = YES_ERROR;
				CLANG_WARN_DOCUMENTATION_COMMENTS = YES;
				CLANG_WARN_EMPTY_BODY = YES;
				CLANG_WARN_ENUM_CONVERSION = YES;
				CLANG_WARN_INFINITE_RECURSION = YES;
				CLANG_WARN_INT_CONVERSION = YES;
				CLANG_WARN_NON_LITERAL_NULL_CONVERSION = YES;
				CLANG_WARN_OBJC_LITERAL_CONVERSION = YES;
				CLANG_WARN_OBJC_ROOT_CLASS = YES_ERROR;
				CLANG_WARN_RANGE_LOOP_ANALYSIS = YES;
				CLANG_WARN_STRICT_PROTOTYPES = YES;
				CLANG_WARN_SUSPICIOUS_MOVE = YES;
				CLANG_WARN_UNGUARDED_AVAILABILITY = YES_AGGRESSIVE;
				CLANG_WARN_UNREACHABLE_CODE = YES;
				CLANG_WARN__DUPLICATE_METHOD_MATCH = YES;
				CODE_SIGN_IDENTITY = "-";
				COPY_PHASE_STRIP = NO;
				DEBUG_INFORMATION_FORMAT = dwarf;
				ENABLE_STRICT_OBJC_MSGSEND = YES;
				ENABLE_TESTABILITY = YES;
				GCC_C_LANGUAGE_STANDARD = gnu11;
				GCC_DYNAMIC_NO_PIC = NO;
				GCC_NO_COMMON_BLOCKS = YES;
				GCC_OPTIMIZATION_LEVEL = 0;
				GCC_PREPROCESSOR_DEFINITIONS = (
					"DEBUG=1",
					"$(inherited)",
				);
				GCC_WARN_64_TO_32_BIT_CONVERSION = YES;
				GCC_WARN_ABOUT_RETURN_TYPE = YES_ERROR;
				GCC_WARN_UNDECLARED_SELECTOR = YES;
				GCC_WARN_UNINITIALIZED_AUTOS = YES_AGGRESSIVE;
				GCC_WARN_UNUSED_FUNCTION = YES;
				GCC_WARN_UNUSED_VARIABLE = YES;
				MACOSX_DEPLOYMENT_TARGET = 10.12;
				MTL_ENABLE_DEBUG_INFO = YES;
				ONLY_ACTIVE_ARCH = YES;
				SDKROOT = macosx;
			};
			name = Debug;
		};
		0680259D2068F5F2002AC373 /* Release */ = {
			isa = XCBuildConfiguration;
			buildSettings = {
				ALWAYS_SEARCH_USER_PATHS = NO;
				CLANG_ANALYZER_NONNULL = YES;
				CLANG_ANALYZER_NUMBER_OBJECT_CONVERSION = YES_AGGRESSIVE;
				CLANG_CXX_LANGUAGE_STANDARD = "gnu++14";
				CLANG_CXX_LIBRARY = "libc++";
				CLANG_ENABLE_MODULES = YES;
				CLANG_ENABLE_OBJC_ARC = YES;
				CLANG_WARN_BLOCK_CAPTURE_AUTORELEASING = YES;
				CLANG_WARN_BOOL_CONVERSION = YES;
				CLANG_WARN_COMMA = YES;
				CLANG_WARN_CONSTANT_CONVERSION = YES;
				CLANG_WARN_DIRECT_OBJC_ISA_USAGE = YES_ERROR;
				CLANG_WARN_DOCUMENTATION_COMMENTS = YES;
				CLANG_WARN_EMPTY_BODY = YES;
				CLANG_WARN_ENUM_CONVERSION = YES;
				CLANG_WARN_INFINITE_RECURSION = YES;
				CLANG_WARN_INT_CONVERSION = YES;
				CLANG_WARN_NON_LITERAL_NULL_CONVERSION = YES;
				CLANG_WARN_OBJC_LITERAL_CONVERSION = YES;
				CLANG_WARN_OBJC_ROOT_CLASS = YES_ERROR;
				CLANG_WARN_RANGE_LOOP_ANALYSIS = YES;
				CLANG_WARN_STRICT_PROTOTYPES = YES;
				CLANG_WARN_SUSPICIOUS_MOVE = YES;
				CLANG_WARN_UNGUARDED_AVAILABILITY = YES_AGGRESSIVE;
				CLANG_WARN_UNREACHABLE_CODE = YES;
				CLANG_WARN__DUPLICATE_METHOD_MATCH = YES;
				CODE_SIGN_IDENTITY = "-";
				COPY_PHASE_STRIP = NO;
				DEBUG_INFORMATION_FORMAT = "dwarf-with-dsym";
				ENABLE_NS_ASSERTIONS = NO;
				ENABLE_STRICT_OBJC_MSGSEND = YES;
				GCC_C_LANGUAGE_STANDARD = gnu11;
				GCC_NO_COMMON_BLOCKS = YES;
				GCC_WARN_64_TO_32_BIT_CONVERSION = YES;
				GCC_WARN_ABOUT_RETURN_TYPE = YES_ERROR;
				GCC_WARN_UNDECLARED_SELECTOR = YES;
				GCC_WARN_UNINITIALIZED_AUTOS = YES_AGGRESSIVE;
				GCC_WARN_UNUSED_FUNCTION = YES;
				GCC_WARN_UNUSED_VARIABLE = YES;
				MACOSX_DEPLOYMENT_TARGET = 10.12;
				MTL_ENABLE_DEBUG_INFO = NO;
				SDKROOT = macosx;
			};
			name = Release;
		};
		0680259F2068F5F2002AC373 /* Debug */ = {
			isa = XCBuildConfiguration;
			buildSettings = {
				CODE_SIGN_STYLE = Automatic;
				PRODUCT_NAME = "$(TARGET_NAME)";
			};
			name = Debug;
		};
		068025A02068F5F2002AC373 /* Release */ = {
			isa = XCBuildConfiguration;
			buildSettings = {
				CODE_SIGN_STYLE = Automatic;
				GCC_OPTIMIZATION_LEVEL = s;
				PRODUCT_NAME = "$(TARGET_NAME)";
			};
			name = Release;
		};
/* End XCBuildConfiguration section */

/* Begin XCConfigurationList section */
		068025922068F5F2002AC373 /* Build configuration list for PBXProject "KVO_Support" */ = {
			isa = XCConfigurationList;
			buildConfigurations = (
				0680259C2068F5F2002AC373 /* Debug */,
				0680259D2068F5F2002AC373 /* Release */,
			);
			defaultConfigurationIsVisible = 0;
			defaultConfigurationName = Release;
		};
		0680259E2068F5F2002AC373 /* Build configuration list for PBXNativeTarget "KVO_Support" */ = {
			isa = XCConfigurationList;
			buildConfigurations = (
				0680259F2068F5F2002AC373 /* Debug */,
				068025A02068F5F2002AC373 /* Release */,
			);
			defaultConfigurationIsVisible = 0;
			defaultConfigurationName = Release;
		};
/* End XCConfigurationList section */
	};
	rootObject = 0680258F2068F5F2002AC373 /* Project object */;
}
